// !$*UTF8*$!
{
	archiveVersion = 1;
	classes = {
	};
	objectVersion = 50;
	objects = {

/* Begin PBXBuildFile section */
		32DCDA7E980911C02D08A53E /* Pods_TestAlamofire.framework in Frameworks */ = {isa = PBXBuildFile; fileRef = B5BA5FEAE0F8ABE57F714F47 /* Pods_TestAlamofire.framework */; };
		640611512089D9A5009D5FD2 /* AppDelegate.swift in Sources */ = {isa = PBXBuildFile; fileRef = 640611502089D9A5009D5FD2 /* AppDelegate.swift */; };
		640611532089D9A5009D5FD2 /* ViewController.swift in Sources */ = {isa = PBXBuildFile; fileRef = 640611522089D9A5009D5FD2 /* ViewController.swift */; };
		640611562089D9A5009D5FD2 /* Main.storyboard in Resources */ = {isa = PBXBuildFile; fileRef = 640611542089D9A5009D5FD2 /* Main.storyboard */; };
		640611582089D9A7009D5FD2 /* Assets.xcassets in Resources */ = {isa = PBXBuildFile; fileRef = 640611572089D9A7009D5FD2 /* Assets.xcassets */; };
		6406115B2089D9A7009D5FD2 /* LaunchScreen.storyboard in Resources */ = {isa = PBXBuildFile; fileRef = 640611592089D9A7009D5FD2 /* LaunchScreen.storyboard */; };
		644A10942089F05900F1CAD5 /* Video.swift in Sources */ = {isa = PBXBuildFile; fileRef = 644A10932089F05900F1CAD5 /* Video.swift */; };
		644A1096208A0C6E00F1CAD5 /* Request.swift in Sources */ = {isa = PBXBuildFile; fileRef = 644A1095208A0C6E00F1CAD5 /* Request.swift */; };
/* End PBXBuildFile section */

/* Begin PBXFileReference section */
		6406114D2089D9A5009D5FD2 /* TestAlamofire.app */ = {isa = PBXFileReference; explicitFileType = wrapper.application; includeInIndex = 0; path = TestAlamofire.app; sourceTree = BUILT_PRODUCTS_DIR; };
		640611502089D9A5009D5FD2 /* AppDelegate.swift */ = {isa = PBXFileReference; lastKnownFileType = sourcecode.swift; path = AppDelegate.swift; sourceTree = "<group>"; };
		640611522089D9A5009D5FD2 /* ViewController.swift */ = {isa = PBXFileReference; lastKnownFileType = sourcecode.swift; path = ViewController.swift; sourceTree = "<group>"; };
		640611552089D9A5009D5FD2 /* Base */ = {isa = PBXFileReference; lastKnownFileType = file.storyboard; name = Base; path = Base.lproj/Main.storyboard; sourceTree = "<group>"; };
		640611572089D9A7009D5FD2 /* Assets.xcassets */ = {isa = PBXFileReference; lastKnownFileType = folder.assetcatalog; path = Assets.xcassets; sourceTree = "<group>"; };
		6406115A2089D9A7009D5FD2 /* Base */ = {isa = PBXFileReference; lastKnownFileType = file.storyboard; name = Base; path = Base.lproj/LaunchScreen.storyboard; sourceTree = "<group>"; };
		6406115C2089D9A7009D5FD2 /* Info.plist */ = {isa = PBXFileReference; lastKnownFileType = text.plist.xml; path = Info.plist; sourceTree = "<group>"; };
		644A10932089F05900F1CAD5 /* Video.swift */ = {isa = PBXFileReference; lastKnownFileType = sourcecode.swift; path = Video.swift; sourceTree = "<group>"; };
		644A1095208A0C6E00F1CAD5 /* Request.swift */ = {isa = PBXFileReference; lastKnownFileType = sourcecode.swift; path = Request.swift; sourceTree = "<group>"; };
		766506A915B7F61D1CE10FE2 /* Pods-TestAlamofire.release.xcconfig */ = {isa = PBXFileReference; includeInIndex = 1; lastKnownFileType = text.xcconfig; name = "Pods-TestAlamofire.release.xcconfig"; path = "Pods/Target Support Files/Pods-TestAlamofire/Pods-TestAlamofire.release.xcconfig"; sourceTree = "<group>"; };
		B5BA5FEAE0F8ABE57F714F47 /* Pods_TestAlamofire.framework */ = {isa = PBXFileReference; explicitFileType = wrapper.framework; includeInIndex = 0; path = Pods_TestAlamofire.framework; sourceTree = BUILT_PRODUCTS_DIR; };
		D635A7F5E09126368E7595DE /* Pods-TestAlamofire.debug.xcconfig */ = {isa = PBXFileReference; includeInIndex = 1; lastKnownFileType = text.xcconfig; name = "Pods-TestAlamofire.debug.xcconfig"; path = "Pods/Target Support Files/Pods-TestAlamofire/Pods-TestAlamofire.debug.xcconfig"; sourceTree = "<group>"; };
/* End PBXFileReference section */

/* Begin PBXFrameworksBuildPhase section */
		6406114A2089D9A5009D5FD2 /* Frameworks */ = {
			isa = PBXFrameworksBuildPhase;
			buildActionMask = 2147483647;
			files = (
				32DCDA7E980911C02D08A53E /* Pods_TestAlamofire.framework in Frameworks */,
			);
			runOnlyForDeploymentPostprocessing = 0;
		};
/* End PBXFrameworksBuildPhase section */

/* Begin PBXGroup section */
		640611442089D9A5009D5FD2 = {
			isa = PBXGroup;
			children = (
				6406114F2089D9A5009D5FD2 /* TestAlamofire */,
				6406114E2089D9A5009D5FD2 /* Products */,
				C5349ABFE4133AA14C4E226F /* Pods */,
				A4FD1B206FA926459C1383A5 /* Frameworks */,
			);
			sourceTree = "<group>";
		};
		6406114E2089D9A5009D5FD2 /* Products */ = {
			isa = PBXGroup;
			children = (
				6406114D2089D9A5009D5FD2 /* TestAlamofire.app */,
			);
			name = Products;
			sourceTree = "<group>";
		};
		6406114F2089D9A5009D5FD2 /* TestAlamofire */ = {
			isa = PBXGroup;
			children = (
				640611502089D9A5009D5FD2 /* AppDelegate.swift */,
				640611522089D9A5009D5FD2 /* ViewController.swift */,
				640611542089D9A5009D5FD2 /* Main.storyboard */,
				640611572089D9A7009D5FD2 /* Assets.xcassets */,
				640611592089D9A7009D5FD2 /* LaunchScreen.storyboard */,
				6406115C2089D9A7009D5FD2 /* Info.plist */,
				644A10932089F05900F1CAD5 /* Video.swift */,
				644A1095208A0C6E00F1CAD5 /* Request.swift */,
			);
			path = TestAlamofire;
			sourceTree = "<group>";
		};
		A4FD1B206FA926459C1383A5 /* Frameworks */ = {
			isa = PBXGroup;
			children = (
				B5BA5FEAE0F8ABE57F714F47 /* Pods_TestAlamofire.framework */,
			);
			name = Frameworks;
			sourceTree = "<group>";
		};
		C5349ABFE4133AA14C4E226F /* Pods */ = {
			isa = PBXGroup;
			children = (
				D635A7F5E09126368E7595DE /* Pods-TestAlamofire.debug.xcconfig */,
				766506A915B7F61D1CE10FE2 /* Pods-TestAlamofire.release.xcconfig */,
			);
			name = Pods;
			sourceTree = "<group>";
		};
/* End PBXGroup section */

/* Begin PBXNativeTarget section */
		6406114C2089D9A5009D5FD2 /* TestAlamofire */ = {
			isa = PBXNativeTarget;
			buildConfigurationList = 6406115F2089D9A7009D5FD2 /* Build configuration list for PBXNativeTarget "TestAlamofire" */;
			buildPhases = (
				0328C476B6F01CB5695271C2 /* [CP] Check Pods Manifest.lock */,
				640611492089D9A5009D5FD2 /* Sources */,
				6406114A2089D9A5009D5FD2 /* Frameworks */,
				6406114B2089D9A5009D5FD2 /* Resources */,
				06409E8CE7653C3243B5A2BA /* [CP] Embed Pods Frameworks */,
			);
			buildRules = (
			);
			dependencies = (
			);
			name = TestAlamofire;
			productName = TestAlamofire;
			productReference = 6406114D2089D9A5009D5FD2 /* TestAlamofire.app */;
			productType = "com.apple.product-type.application";
		};
/* End PBXNativeTarget section */

/* Begin PBXProject section */
		640611452089D9A5009D5FD2 /* Project object */ = {
			isa = PBXProject;
			attributes = {
				LastSwiftUpdateCheck = 0930;
				LastUpgradeCheck = 0930;
				ORGANIZATIONNAME = "Olya Tilichenko";
				TargetAttributes = {
					6406114C2089D9A5009D5FD2 = {
						CreatedOnToolsVersion = 9.3;
					};
				};
			};
			buildConfigurationList = 640611482089D9A5009D5FD2 /* Build configuration list for PBXProject "TestAlamofire" */;
			compatibilityVersion = "Xcode 9.3";
			developmentRegion = en;
			hasScannedForEncodings = 0;
			knownRegions = (
				en,
				Base,
			);
			mainGroup = 640611442089D9A5009D5FD2;
			productRefGroup = 6406114E2089D9A5009D5FD2 /* Products */;
			projectDirPath = "";
			projectRoot = "";
			targets = (
				6406114C2089D9A5009D5FD2 /* TestAlamofire */,
			);
		};
/* End PBXProject section */

/* Begin PBXResourcesBuildPhase section */
		6406114B2089D9A5009D5FD2 /* Resources */ = {
			isa = PBXResourcesBuildPhase;
			buildActionMask = 2147483647;
			files = (
				6406115B2089D9A7009D5FD2 /* LaunchScreen.storyboard in Resources */,
				640611582089D9A7009D5FD2 /* Assets.xcassets in Resources */,
				640611562089D9A5009D5FD2 /* Main.storyboard in Resources */,
			);
			runOnlyForDeploymentPostprocessing = 0;
		};
/* End PBXResourcesBuildPhase section */

/* Begin PBXShellScriptBuildPhase section */
		0328C476B6F01CB5695271C2 /* [CP] Check Pods Manifest.lock */ = {
			isa = PBXShellScriptBuildPhase;
			buildActionMask = 2147483647;
			files = (
			);
			inputPaths = (
				"${PODS_PODFILE_DIR_PATH}/Podfile.lock",
				"${PODS_ROOT}/Manifest.lock",
			);
			name = "[CP] Check Pods Manifest.lock";
			outputPaths = (
				"$(DERIVED_FILE_DIR)/Pods-TestAlamofire-checkManifestLockResult.txt",
			);
			runOnlyForDeploymentPostprocessing = 0;
			shellPath = /bin/sh;
			shellScript = "diff \"${PODS_PODFILE_DIR_PATH}/Podfile.lock\" \"${PODS_ROOT}/Manifest.lock\" > /dev/null\nif [ $? != 0 ] ; then\n    # print error to STDERR\n    echo \"error: The sandbox is not in sync with the Podfile.lock. Run 'pod install' or update your CocoaPods installation.\" >&2\n    exit 1\nfi\n# This output is used by Xcode 'outputs' to avoid re-running this script phase.\necho \"SUCCESS\" > \"${SCRIPT_OUTPUT_FILE_0}\"\n";
			showEnvVarsInLog = 0;
		};
		06409E8CE7653C3243B5A2BA /* [CP] Embed Pods Frameworks */ = {
			isa = PBXShellScriptBuildPhase;
			buildActionMask = 2147483647;
			files = (
			);
			inputPaths = (
				"${SRCROOT}/Pods/Target Support Files/Pods-TestAlamofire/Pods-TestAlamofire-frameworks.sh",
				"${BUILT_PRODUCTS_DIR}/Alamofire/Alamofire.framework",
			);
			name = "[CP] Embed Pods Frameworks";
			outputPaths = (
				"${TARGET_BUILD_DIR}/${FRAMEWORKS_FOLDER_PATH}/Alamofire.framework",
			);
			runOnlyForDeploymentPostprocessing = 0;
			shellPath = /bin/sh;
			shellScript = "\"${SRCROOT}/Pods/Target Support Files/Pods-TestAlamofire/Pods-TestAlamofire-frameworks.sh\"\n";
			showEnvVarsInLog = 0;
		};
/* End PBXShellScriptBuildPhase section */

/* Begin PBXSourcesBuildPhase section */
		640611492089D9A5009D5FD2 /* Sources */ = {
			isa = PBXSourcesBuildPhase;
			buildActionMask = 2147483647;
			files = (
				640611532089D9A5009D5FD2 /* ViewController.swift in Sources */,
				644A1096208A0C6E00F1CAD5 /* Request.swift in Sources */,
				644A10942089F05900F1CAD5 /* Video.swift in Sources */,
				640611512089D9A5009D5FD2 /* AppDelegate.swift in Sources */,
			);
			runOnlyForDeploymentPostprocessing = 0;
		};
/* End PBXSourcesBuildPhase section */

/* Begin PBXVariantGroup section */
		640611542089D9A5009D5FD2 /* Main.storyboard */ = {
			isa = PBXVariantGroup;
			children = (
				640611552089D9A5009D5FD2 /* Base */,
			);
			name = Main.storyboard;
			sourceTree = "<group>";
		};
		640611592089D9A7009D5FD2 /* LaunchScreen.storyboard */ = {
			isa = PBXVariantGroup;
			children = (
				6406115A2089D9A7009D5FD2 /* Base */,
			);
			name = LaunchScreen.storyboard;
			sourceTree = "<group>";
		};
/* End PBXVariantGroup section */

/* Begin XCBuildConfiguration section */
		6406115D2089D9A7009D5FD2 /* Debug */ = {
			isa = XCBuildConfiguration;
			buildSettings = {
				ALWAYS_SEARCH_USER_PATHS = NO;
				CLANG_ANALYZER_NONNULL = YES;
				CLANG_ANALYZER_NUMBER_OBJECT_CONVERSION = YES_AGGRESSIVE;
				CLANG_CXX_LANGUAGE_STANDARD = "gnu++14";
				CLANG_CXX_LIBRARY = "libc++";
				CLANG_ENABLE_MODULES = YES;
				CLANG_ENABLE_OBJC_ARC = YES;
				CLANG_ENABLE_OBJC_WEAK = YES;
				CLANG_WARN_BLOCK_CAPTURE_AUTORELEASING = YES;
				CLANG_WARN_BOOL_CONVERSION = YES;
				CLANG_WARN_COMMA = YES;
				CLANG_WARN_CONSTANT_CONVERSION = YES;
				CLANG_WARN_DEPRECATED_OBJC_IMPLEMENTATIONS = YES;
				CLANG_WARN_DIRECT_OBJC_ISA_USAGE = YES_ERROR;
				CLANG_WARN_DOCUMENTATION_COMMENTS = YES;
				CLANG_WARN_EMPTY_BODY = YES;
				CLANG_WARN_ENUM_CONVERSION = YES;
				CLANG_WARN_INFINITE_RECURSION = YES;
				CLANG_WARN_INT_CONVERSION = YES;
				CLANG_WARN_NON_LITERAL_NULL_CONVERSION = YES;
				CLANG_WARN_OBJC_IMPLICIT_RETAIN_SELF = YES;
				CLANG_WARN_OBJC_LITERAL_CONVERSION = YES;
				CLANG_WARN_OBJC_ROOT_CLASS = YES_ERROR;
				CLANG_WARN_RANGE_LOOP_ANALYSIS = YES;
				CLANG_WARN_STRICT_PROTOTYPES = YES;
				CLANG_WARN_SUSPICIOUS_MOVE = YES;
				CLANG_WARN_UNGUARDED_AVAILABILITY = YES_AGGRESSIVE;
				CLANG_WARN_UNREACHABLE_CODE = YES;
				CLANG_WARN__DUPLICATE_METHOD_MATCH = YES;
				CODE_SIGN_IDENTITY = "iPhone Developer";
				COPY_PHASE_STRIP = NO;
				DEBUG_INFORMATION_FORMAT = dwarf;
				ENABLE_STRICT_OBJC_MSGSEND = YES;
				ENABLE_TESTABILITY = YES;
				GCC_C_LANGUAGE_STANDARD = gnu11;
				GCC_DYNAMIC_NO_PIC = NO;
				GCC_NO_COMMON_BLOCKS = YES;
				GCC_OPTIMIZATION_LEVEL = 0;
				GCC_PREPROCESSOR_DEFINITIONS = (
					"DEBUG=1",
					"$(inherited)",
				);
				GCC_WARN_64_TO_32_BIT_CONVERSION = YES;
				GCC_WARN_ABOUT_RETURN_TYPE = YES_ERROR;
				GCC_WARN_UNDECLARED_SELECTOR = YES;
				GCC_WARN_UNINITIALIZED_AUTOS = YES_AGGRESSIVE;
				GCC_WARN_UNUSED_FUNCTION = YES;
				GCC_WARN_UNUSED_VARIABLE = YES;
				IPHONEOS_DEPLOYMENT_TARGET = 11.3;
				MTL_ENABLE_DEBUG_INFO = YES;
				ONLY_ACTIVE_ARCH = YES;
				SDKROOT = iphoneos;
				SWIFT_ACTIVE_COMPILATION_CONDITIONS = DEBUG;
				SWIFT_OPTIMIZATION_LEVEL = "-Onone";
			};
			name = Debug;
		};
		6406115E2089D9A7009D5FD2 /* Release */ = {
			isa = XCBuildConfiguration;
			buildSettings = {
				ALWAYS_SEARCH_USER_PATHS = NO;
				CLANG_ANALYZER_NONNULL = YES;
				CLANG_ANALYZER_NUMBER_OBJECT_CONVERSION = YES_AGGRESSIVE;
				CLANG_CXX_LANGUAGE_STANDARD = "gnu++14";
				CLANG_CXX_LIBRARY = "libc++";
				CLANG_ENABLE_MODULES = YES;
				CLANG_ENABLE_OBJC_ARC = YES;
				CLANG_ENABLE_OBJC_WEAK = YES;
				CLANG_WARN_BLOCK_CAPTURE_AUTORELEASING = YES;
				CLANG_WARN_BOOL_CONVERSION = YES;
				CLANG_WARN_COMMA = YES;
				CLANG_WARN_CONSTANT_CONVERSION = YES;
				CLANG_WARN_DEPRECATED_OBJC_IMPLEMENTATIONS = YES;
				CLANG_WARN_DIRECT_OBJC_ISA_USAGE = YES_ERROR;
				CLANG_WARN_DOCUMENTATION_COMMENTS = YES;
				CLANG_WARN_EMPTY_BODY = YES;
				CLANG_WARN_ENUM_CONVERSION = YES;
				CLANG_WARN_INFINITE_RECURSION = YES;
				CLANG_WARN_INT_CONVERSION = YES;
				CLANG_WARN_NON_LITERAL_NULL_CONVERSION = YES;
				CLANG_WARN_OBJC_IMPLICIT_RETAIN_SELF = YES;
				CLANG_WARN_OBJC_LITERAL_CONVERSION = YES;
				CLANG_WARN_OBJC_ROOT_CLASS = YES_ERROR;
				CLANG_WARN_RANGE_LOOP_ANALYSIS = YES;
				CLANG_WARN_STRICT_PROTOTYPES = YES;
				CLANG_WARN_SUSPICIOUS_MOVE = YES;
				CLANG_WARN_UNGUARDED_AVAILABILITY = YES_AGGRESSIVE;
				CLANG_WARN_UNREACHABLE_CODE = YES;
				CLANG_WARN__DUPLICATE_METHOD_MATCH = YES;
				CODE_SIGN_IDENTITY = "iPhone Developer";
				COPY_PHASE_STRIP = NO;
				DEBUG_INFORMATION_FORMAT = "dwarf-with-dsym";
				ENABLE_NS_ASSERTIONS = NO;
				ENABLE_STRICT_OBJC_MSGSEND = YES;
				GCC_C_LANGUAGE_STANDARD = gnu11;
				GCC_NO_COMMON_BLOCKS = YES;
				GCC_WARN_64_TO_32_BIT_CONVERSION = YES;
				GCC_WARN_ABOUT_RETURN_TYPE = YES_ERROR;
				GCC_WARN_UNDECLARED_SELECTOR = YES;
				GCC_WARN_UNINITIALIZED_AUTOS = YES_AGGRESSIVE;
				GCC_WARN_UNUSED_FUNCTION = YES;
				GCC_WARN_UNUSED_VARIABLE = YES;
				IPHONEOS_DEPLOYMENT_TARGET = 11.3;
				MTL_ENABLE_DEBUG_INFO = NO;
				SDKROOT = iphoneos;
				SWIFT_COMPILATION_MODE = wholemodule;
				SWIFT_OPTIMIZATION_LEVEL = "-O";
				VALIDATE_PRODUCT = YES;
			};
			name = Release;
		};
		640611602089D9A7009D5FD2 /* Debug */ = {
			isa = XCBuildConfiguration;
			baseConfigurationReference = D635A7F5E09126368E7595DE /* Pods-TestAlamofire.debug.xcconfig */;
			buildSettings = {
				ASSETCATALOG_COMPILER_APPICON_NAME = AppIcon;
				CODE_SIGN_STYLE = Automatic;
				INFOPLIST_FILE = TestAlamofire/Info.plist;
				LD_RUNPATH_SEARCH_PATHS = (
					"$(inherited)",
					"@executable_path/Frameworks",
				);
				PRODUCT_BUNDLE_IDENTIFIER = olya.TestAlamofire;
				PRODUCT_NAME = "$(TARGET_NAME)";
				SWIFT_VERSION = 4.0;
				TARGETED_DEVICE_FAMILY = "1,2";
			};
			name = Debug;
		};
		640611612089D9A7009D5FD2 /* Release */ = {
			isa = XCBuildConfiguration;
			baseConfigurationReference = 766506A915B7F61D1CE10FE2 /* Pods-TestAlamofire.release.xcconfig */;
			buildSettings = {
				ASSETCATALOG_COMPILER_APPICON_NAME = AppIcon;
				CODE_SIGN_STYLE = Automatic;
				INFOPLIST_FILE = TestAlamofire/Info.plist;
				LD_RUNPATH_SEARCH_PATHS = (
					"$(inherited)",
					"@executable_path/Frameworks",
				);
				PRODUCT_BUNDLE_IDENTIFIER = olya.TestAlamofire;
				PRODUCT_NAME = "$(TARGET_NAME)";
				SWIFT_VERSION = 4.0;
				TARGETED_DEVICE_FAMILY = "1,2";
			};
			name = Release;
		};
/* End XCBuildConfiguration section */

/* Begin XCConfigurationList section */
		640611482089D9A5009D5FD2 /* Build configuration list for PBXProject "TestAlamofire" */ = {
			isa = XCConfigurationList;
			buildConfigurations = (
				6406115D2089D9A7009D5FD2 /* Debug */,
				6406115E2089D9A7009D5FD2 /* Release */,
			);
			defaultConfigurationIsVisible = 0;
			defaultConfigurationName = Release;
		};
		6406115F2089D9A7009D5FD2 /* Build configuration list for PBXNativeTarget "TestAlamofire" */ = {
			isa = XCConfigurationList;
			buildConfigurations = (
				640611602089D9A7009D5FD2 /* Debug */,
				640611612089D9A7009D5FD2 /* Release */,
			);
			defaultConfigurationIsVisible = 0;
			defaultConfigurationName = Release;
		};
/* End XCConfigurationList section */
	};
	rootObject = 640611452089D9A5009D5FD2 /* Project object */;
}
